%{"atlas": {:package, "0.2.0"},
  "bcrypt": {:git, "git://github.com/irccloud/erlang-bcrypt.git", "3a26a36e4f274bbe30c6a2668922951a9467c99d", []},
  "cowboy": {:git, "git://github.com/extend/cowboy.git", "05024529679d1d0203b8dcd6e2932cc2a526d370", [ref: "05024529679d1d0203b8dcd6e2932cc2a526d370"]},
  "cowlib": {:git, "git://github.com/extend/cowlib.git", "f58340a0044856bb508df03cfe94cf79308380a2", [ref: "0.6.1"]},
  "decimal": {:package, "0.2.1"},
  "ecto": {:package, "0.2.0"},
  "eiconv": {:git, "git://github.com/zotonic/eiconv.git", "644fb5e7bd6640fbd073f4d28957914ea979aea0", []},
  "erlang_localtime": {:git, "git://github.com/choptastic/erlang_localtime.git", "6e14b6e734eca1f51944a0bba25a4179d068496b", [branch: "master"]},
  "erlware_commons": {:git, "git://github.com/erlware/erlware_commons.git", "c2d67e6f76c1ee0802cd2c2bdae3fbb7a18d698d", [branch: "master"]},
  "ex_conf": {:package, "0.1.1"},
  "gen_smtp": {:git, "git://github.com/Vagabond/gen_smtp.git", "8f7ba01172e679e8b4262334cefc3451b4c36777", []},
  "inflex": {:package, "0.2.0"},
  "jazz": {:git, "git://github.com/meh/jazz.git", "7af3b74e58eb1a3fc6b9874a2077efa420f6dfcc", [ref: "7af3b74e58eb1a3fc6b9874a2077efa420f6dfcc"]},
  "phoenix": {:package, "0.2.4"},
  "plug": {:package, "0.4.3"},
  "poolboy": {:package, "1.2.1"},
  "qdate": {:git, "git://github.com/choptastic/qdate.git", "4135dfa8e36eb531b9fdbea8ccbce597231864fe", []},
  "ranch": {:git, "git://github.com/extend/ranch.git", "5df1f222f94e08abdcab7084f5e13027143cc222", [ref: "0.9.0"]},
  "rebar_vsn_plugin": {:git, "https://github.com/erlware/rebar_vsn_plugin.git", "fd40c960c7912193631d948fe962e1162a8d1334", [branch: "master"]}}
