[ "bcrypt": {:git, "git://github.com/Feuerlabs/erlang-bcrypt.git", "2f60cf4ebe3de218d52bfa176c17dba7204fdb68", []},
  "chronos": {:git, "git://github.com/nurugger07/chronos.git", "1603a719b4023afa4e1465ee791274a11fe3afbd", []},
  "cowboy": {:git, "git://github.com/extend/cowboy.git", "bbee34fe1638b742796b00b39c0859395a752167", []},
  "dynamo": {:git, "git://github.com/elixir-lang/dynamo.git", "c7aaad09f1f98f37b6804ab0bf8bf6ee2cce8da2", []},
  "erlang_localtime": {:git, "git://github.com/choptastic/erlang_localtime.git", "ebcafb02326e4b2e2ea8fb9a8ba1abacf6426a57", [{:branch, "master"}]},
  "erlware_commons": {:git, "git://github.com/erlware/erlware_commons.git", "96cdc0e6237bfc834d144750e7fbef09016be084", [{:branch, "master"}]},
  "ex_doc": {:git, "git://github.com/elixir-lang/ex_doc.git", "3be009f28fa6012688138abe34b74d3fb394e4a6", []},
  "gen_smtp": {:git, "git://github.com/Vagabond/gen_smtp.git", "2d75ba1ae5484443c1aae38aec6343f9b6e24870", []},
  "hackney": {:git, "git://github.com/benoitc/hackney.git", "5b0f7eb949ebebd6fabfbc4e08a7b7231850606a", []},
  "jsex": {:git, "git://github.com/talentdeficit/jsex.git", "c9df36f07b2089a73ab6b32074c01728f1e5a2e1", []},
  "jsx": {:git, "git://github.com/talentdeficit/jsx.git", "e50af6e109cb03bd26acf715cbc77de746507d1d", [{:tag, "v1.4.3"}]},
  "meck": {:git, "git://github.com/basho/meck.git", "2b25a30a8688f94106d07f23a9f1fb523ac00f08", [{:tag, "0.8.1"}]},
  "mimetypes": {:git, "git://github.com/spawngrid/mimetypes.git", "47d37a977a7d633199822bf6b08353007483d00f", []},
  "poolboy": {:git, "git://github.com/devinus/poolboy.git", "91b68de43d49bcccf2631016febda70b20d7aa75", [{:tag, "1.0.0"}]},
  "protobuffs": {:git, "git://github.com/basho/erlang_protobuffs.git", "0b00f9031cda5ffe83a3d183e14f2dc918bc2932", [{:tag, "0.8.1p2"}]},
  "qdate": {:git, "git://github.com/choptastic/qdate.git", "4a98e54d9d678178ad8502b1667d9d66afed5806", []},
  "ranch": {:git, "git://github.com/extend/ranch.git", "41705752ffc7e3ecb96eef8374015ead4ca7f699", [{:ref, "0.8.5"}]},
  "realm": {:git, "git://github.com/HashNuke/realm.git", "c6b0850edaec0a3dce1380adac5cc12014b54077", []},
  "rebar_vsn_plugin": {:git, "https://github.com/erlware/rebar_vsn_plugin.git", "0d954d923275305c62a81e9c2bf60a60977a9d29", [{:branch, "master"}]},
  "riak_pb": {:git, "git://github.com/basho/riak_pb", "2adf207d053738559811eb17f62f7ce6b6f5cc95", [{:tag, "2.0.0.7"}]},
  "riak_pool": {:git, "git://github.com/HashNuke/riak_pool.git", "f746ab0331c2ef67db24c78f53d46469055abda7", []},
  "riakc": {:git, "git://github.com/basho/riak-erlang-client.git", "3b223a7ff0f17acc72e7d365966a93368cde771b", []} ]
